
Microsoft Visual Studio Solution File, Format Version 12.00
# Visual Studio 15
VisualStudioVersion = 15.0.33403.129
MinimumVisualStudioVersion = 10.0.40219.1
Project("{FAE04EC0-301F-11D3-BF4B-00C04F79EFBC}") = "ICEBERG.Presentacion", "ICEBERG.Presentacion\ICEBERG.Presentacion.csproj", "{081869AB-D974-486E-B611-E118195E5E12}"
EndProject
Project("{FAE04EC0-301F-11D3-BF4B-00C04F79EFBC}") = "ICEBERG.Datos", "ICEBERG.Datos\ICEBERG.Datos.csproj", "{427E8689-60CB-4FA8-BFF9-DF124ADA9E02}"
EndProject
Project("{FAE04EC0-301F-11D3-BF4B-00C04F79EFBC}") = "Iceberg.Dominio", "Iceberg.Dominio\Iceberg.Dominio.csproj", "{76D66AC6-AEE6-4A45-876C-0A3C6BB0AF13}"
EndProject
Global
	GlobalSection(SolutionConfigurationPlatforms) = preSolution
		Debug|Any CPU = Debug|Any CPU
		Release|Any CPU = Release|Any CPU
	EndGlobalSection
	GlobalSection(ProjectConfigurationPlatforms) = postSolution
		{081869AB-D974-486E-B611-E118195E5E12}.Debug|Any CPU.ActiveCfg = Debug|Any CPU
		{081869AB-D974-486E-B611-E118195E5E12}.Debug|Any CPU.Build.0 = Debug|Any CPU
		{081869AB-D974-486E-B611-E118195E5E12}.Release|Any CPU.ActiveCfg = Release|Any CPU
		{081869AB-D974-486E-B611-E118195E5E12}.Release|Any CPU.Build.0 = Release|Any CPU
		{427E8689-60CB-4FA8-BFF9-DF124ADA9E02}.Debug|Any CPU.ActiveCfg = Debug|Any CPU
		{427E8689-60CB-4FA8-BFF9-DF124ADA9E02}.Debug|Any CPU.Build.0 = Debug|Any CPU
		{427E8689-60CB-4FA8-BFF9-DF124ADA9E02}.Release|Any CPU.ActiveCfg = Release|Any CPU
		{427E8689-60CB-4FA8-BFF9-DF124ADA9E02}.Release|Any CPU.Build.0 = Release|Any CPU
		{76D66AC6-AEE6-4A45-876C-0A3C6BB0AF13}.Debug|Any CPU.ActiveCfg = Debug|Any CPU
		{76D66AC6-AEE6-4A45-876C-0A3C6BB0AF13}.Debug|Any CPU.Build.0 = Debug|Any CPU
		{76D66AC6-AEE6-4A45-876C-0A3C6BB0AF13}.Release|Any CPU.ActiveCfg = Release|Any CPU
		{76D66AC6-AEE6-4A45-876C-0A3C6BB0AF13}.Release|Any CPU.Build.0 = Release|Any CPU
	EndGlobalSection
	GlobalSection(SolutionProperties) = preSolution
		HideSolutionNode = FALSE
	EndGlobalSection
	GlobalSection(ExtensibilityGlobals) = postSolution
		SolutionGuid = {1D1C5F94-AC85-4B76-8EC3-B018A3047022}
	EndGlobalSection
EndGlobal
